
Microsoft Visual Studio Solution File, Format Version 12.00
# Visual Studio Version 16
VisualStudioVersion = 16.0.30114.105
MinimumVisualStudioVersion = 10.0.40219.1
Project("{FAE04EC0-301F-11D3-BF4B-00C04F79EFBC}") = "Tp02Ejercicio02", "Tp02Ejercicio02\Tp02Ejercicio02.csproj", "{62C06E71-E771-4658-8349-A81DABCF70E9}"
EndProject
Global
	GlobalSection(SolutionConfigurationPlatforms) = preSolution
		Debug|Any CPU = Debug|Any CPU
		Release|Any CPU = Release|Any CPU
	EndGlobalSection
	GlobalSection(ProjectConfigurationPlatforms) = postSolution
		{62C06E71-E771-4658-8349-A81DABCF70E9}.Debug|Any CPU.ActiveCfg = Debug|Any CPU
		{62C06E71-E771-4658-8349-A81DABCF70E9}.Debug|Any CPU.Build.0 = Debug|Any CPU
		{62C06E71-E771-4658-8349-A81DABCF70E9}.Release|Any CPU.ActiveCfg = Release|Any CPU
		{62C06E71-E771-4658-8349-A81DABCF70E9}.Release|Any CPU.Build.0 = Release|Any CPU
	EndGlobalSection
	GlobalSection(SolutionProperties) = preSolution
		HideSolutionNode = FALSE
	EndGlobalSection
	GlobalSection(ExtensibilityGlobals) = postSolution
		SolutionGuid = {6F2827B9-FFB6-48C6-9717-BF7FA45736E7}
	EndGlobalSection
EndGlobal
